
Microsoft Visual Studio Solution File, Format Version 12.00
# Visual Studio Version 17
VisualStudioVersion = 17.14.36623.8
MinimumVisualStudioVersion = 10.0.40219.1
Project("{FAE04EC0-301F-11D3-BF4B-00C04F79EFBC}") = "myfinance-web-dotnet", "..\1-) myfinance-web-dotnet\myfinance-web-dotnet.csproj", "{8B84380A-E0A9-1055-F528-592DD2E51A8A}"
EndProject
Project("{FAE04EC0-301F-11D3-BF4B-00C04F79EFBC}") = "myfinance-web-dotnet-service", "..\2-) myfinance-web-dotnet-service\myfinance-web-dotnet-service.csproj", "{08808536-681C-D6EB-990B-121E87FFAE65}"
EndProject
Project("{FAE04EC0-301F-11D3-BF4B-00C04F79EFBC}") = "myfinance-web-dotnet-domain", "..\3-) myfinance-web-dotnet-domain\myfinance-web-dotnet-domain.csproj", "{016F1106-C94F-4FCA-A7AD-E5DCB0855A09}"
EndProject
Project("{FAE04EC0-301F-11D3-BF4B-00C04F79EFBC}") = "myfinance-web-dotnet-infra", "..\4-) myfinance-web-dotnet-infra\myfinance-web-dotnet-infra.csproj", "{5A38739B-A020-7703-CCF1-E2652FA2FE1E}"
EndProject
Global
	GlobalSection(SolutionConfigurationPlatforms) = preSolution
		Debug|Any CPU = Debug|Any CPU
		Release|Any CPU = Release|Any CPU
	EndGlobalSection
	GlobalSection(ProjectConfigurationPlatforms) = postSolution
		{8B84380A-E0A9-1055-F528-592DD2E51A8A}.Debug|Any CPU.ActiveCfg = Debug|Any CPU
		{8B84380A-E0A9-1055-F528-592DD2E51A8A}.Debug|Any CPU.Build.0 = Debug|Any CPU
		{8B84380A-E0A9-1055-F528-592DD2E51A8A}.Release|Any CPU.ActiveCfg = Release|Any CPU
		{8B84380A-E0A9-1055-F528-592DD2E51A8A}.Release|Any CPU.Build.0 = Release|Any CPU
		{08808536-681C-D6EB-990B-121E87FFAE65}.Debug|Any CPU.ActiveCfg = Debug|Any CPU
		{08808536-681C-D6EB-990B-121E87FFAE65}.Debug|Any CPU.Build.0 = Debug|Any CPU
		{08808536-681C-D6EB-990B-121E87FFAE65}.Release|Any CPU.ActiveCfg = Release|Any CPU
		{08808536-681C-D6EB-990B-121E87FFAE65}.Release|Any CPU.Build.0 = Release|Any CPU
		{016F1106-C94F-4FCA-A7AD-E5DCB0855A09}.Debug|Any CPU.ActiveCfg = Debug|Any CPU
		{016F1106-C94F-4FCA-A7AD-E5DCB0855A09}.Debug|Any CPU.Build.0 = Debug|Any CPU
		{016F1106-C94F-4FCA-A7AD-E5DCB0855A09}.Release|Any CPU.ActiveCfg = Release|Any CPU
		{016F1106-C94F-4FCA-A7AD-E5DCB0855A09}.Release|Any CPU.Build.0 = Release|Any CPU
		{5A38739B-A020-7703-CCF1-E2652FA2FE1E}.Debug|Any CPU.ActiveCfg = Debug|Any CPU
		{5A38739B-A020-7703-CCF1-E2652FA2FE1E}.Debug|Any CPU.Build.0 = Debug|Any CPU
		{5A38739B-A020-7703-CCF1-E2652FA2FE1E}.Release|Any CPU.ActiveCfg = Release|Any CPU
		{5A38739B-A020-7703-CCF1-E2652FA2FE1E}.Release|Any CPU.Build.0 = Release|Any CPU
	EndGlobalSection
	GlobalSection(SolutionProperties) = preSolution
		HideSolutionNode = FALSE
	EndGlobalSection
	GlobalSection(ExtensibilityGlobals) = postSolution
		SolutionGuid = {3159AD9B-46C5-4A24-AF91-1EADB2FC8D56}
	EndGlobalSection
EndGlobal
